Microsoft Visual Studio Solution File, Format Version 12.00
# Visual Studio Version 17
VisualStudioVersion = 17.5.2.0
MinimumVisualStudioVersion = 10.0.40219.1
Project("{FAE04EC0-301F-11D3-BF4B-00C04F79EFBC}") = "desginpattern", "desginpattern.csproj", "{2280F5B5-EBF0-7A60-DAE8-54C181F1824B}"
EndProject
Global
	GlobalSection(SolutionConfigurationPlatforms) = preSolution
		Debug|Any CPU = Debug|Any CPU
		Release|Any CPU = Release|Any CPU
	EndGlobalSection
	GlobalSection(ProjectConfigurationPlatforms) = postSolution
		{2280F5B5-EBF0-7A60-DAE8-54C181F1824B}.Debug|Any CPU.ActiveCfg = Debug|Any CPU
		{2280F5B5-EBF0-7A60-DAE8-54C181F1824B}.Debug|Any CPU.Build.0 = Debug|Any CPU
		{2280F5B5-EBF0-7A60-DAE8-54C181F1824B}.Release|Any CPU.ActiveCfg = Release|Any CPU
		{2280F5B5-EBF0-7A60-DAE8-54C181F1824B}.Release|Any CPU.Build.0 = Release|Any CPU
	EndGlobalSection
	GlobalSection(SolutionProperties) = preSolution
		HideSolutionNode = FALSE
	EndGlobalSection
	GlobalSection(ExtensibilityGlobals) = postSolution
		SolutionGuid = {6B604558-05DC-4E5E-942D-64E93A5F5584}
	EndGlobalSection
EndGlobal
